
Microsoft Visual Studio Solution File, Format Version 12.00
# Visual Studio Version 16
VisualStudioVersion = 16.0.30503.244
MinimumVisualStudioVersion = 10.0.40219.1
Project("{FAE04EC0-301F-11D3-BF4B-00C04F79EFBC}") = "WindowsFormsApp3", "WindowsFormsApp3\WindowsFormsApp3.csproj", "{7E54A0E1-58F8-415D-9C05-7BC6978D0603}"
EndProject
Project("{FAE04EC0-301F-11D3-BF4B-00C04F79EFBC}") = "Figure1", "Figure1\Figure1.csproj", "{46FAFD56-9571-491C-8856-BF8706ED1B0F}"
EndProject
Global
	GlobalSection(SolutionConfigurationPlatforms) = preSolution
		Debug|Any CPU = Debug|Any CPU
		Release|Any CPU = Release|Any CPU
	EndGlobalSection
	GlobalSection(ProjectConfigurationPlatforms) = postSolution
		{7E54A0E1-58F8-415D-9C05-7BC6978D0603}.Debug|Any CPU.ActiveCfg = Debug|Any CPU
		{7E54A0E1-58F8-415D-9C05-7BC6978D0603}.Debug|Any CPU.Build.0 = Debug|Any CPU
		{7E54A0E1-58F8-415D-9C05-7BC6978D0603}.Release|Any CPU.ActiveCfg = Release|Any CPU
		{7E54A0E1-58F8-415D-9C05-7BC6978D0603}.Release|Any CPU.Build.0 = Release|Any CPU
		{46FAFD56-9571-491C-8856-BF8706ED1B0F}.Debug|Any CPU.ActiveCfg = Debug|Any CPU
		{46FAFD56-9571-491C-8856-BF8706ED1B0F}.Debug|Any CPU.Build.0 = Debug|Any CPU
		{46FAFD56-9571-491C-8856-BF8706ED1B0F}.Release|Any CPU.ActiveCfg = Release|Any CPU
		{46FAFD56-9571-491C-8856-BF8706ED1B0F}.Release|Any CPU.Build.0 = Release|Any CPU
	EndGlobalSection
	GlobalSection(SolutionProperties) = preSolution
		HideSolutionNode = FALSE
	EndGlobalSection
	GlobalSection(ExtensibilityGlobals) = postSolution
		SolutionGuid = {90BBF082-751D-460F-8C43-DFD3F55C6DA1}
	EndGlobalSection
EndGlobal
